
Microsoft Visual Studio Solution File, Format Version 12.00
# Visual Studio 2012
Project("{FAE04EC0-301F-11D3-BF4B-00C04F79EFBC}") = "Evo20.EvoCommandsLib", "Evo20.EvoCommandsLib\Evo20.EvoCommandsLib.csproj", "{DB0F53A2-4DD6-4833-8F2C-E0D9224887A4}"
EndProject
Project("{FAE04EC0-301F-11D3-BF4B-00C04F79EFBC}") = "Evo20.GUI", "Evo20.GUI\Evo20.GUI.csproj", "{55BFDA6F-6B07-48EC-901B-464A7B32E3E6}"
EndProject
Project("{FAE04EC0-301F-11D3-BF4B-00C04F79EFBC}") = "Evo20.Controllers", "Evo20.Controllers\Evo20.Controllers.csproj", "{D1EC6D86-D463-40A7-AA7F-0496527E73A7}"
EndProject
Project("{FAE04EC0-301F-11D3-BF4B-00C04F79EFBC}") = "Evo20.EvoConnections", "Evo20.EvoConnections\Evo20.EvoConnections.csproj", "{88519C5A-4A66-4124-83EB-236C7A871969}"
EndProject
Project("{FAE04EC0-301F-11D3-BF4B-00C04F79EFBC}") = "Evo20.Log", "Evo20.Log\Evo20.Log.csproj", "{F7D67C8B-CB61-4A20-90BA-ECF1006632C1}"
EndProject
Project("{FAE04EC0-301F-11D3-BF4B-00C04F79EFBC}") = "Evo20.Math", "Evo20.Math\Evo20.Math.csproj", "{BA19E375-6FBE-4A3B-8F9D-234FD9208C73}"
EndProject
Project("{FAE04EC0-301F-11D3-BF4B-00C04F79EFBC}") = "Evo20.PacketsLib", "Evo20.PacketsLib\Evo20.PacketsLib.csproj", "{95A534BD-9A78-4006-AC57-4502AE771634}"
EndProject
Project("{FAE04EC0-301F-11D3-BF4B-00C04F79EFBC}") = "Evo20.SensorsConnection", "Evo20.SensorConnection\Evo20.SensorsConnection.csproj", "{52144779-C8B6-47B1-AB89-3F1C9BD8CE0F}"
EndProject
Global
	GlobalSection(SolutionConfigurationPlatforms) = preSolution
		Debug|Any CPU = Debug|Any CPU
		Release|Any CPU = Release|Any CPU
	EndGlobalSection
	GlobalSection(ProjectConfigurationPlatforms) = postSolution
		{DB0F53A2-4DD6-4833-8F2C-E0D9224887A4}.Debug|Any CPU.ActiveCfg = Debug|Any CPU
		{DB0F53A2-4DD6-4833-8F2C-E0D9224887A4}.Debug|Any CPU.Build.0 = Debug|Any CPU
		{DB0F53A2-4DD6-4833-8F2C-E0D9224887A4}.Release|Any CPU.ActiveCfg = Release|Any CPU
		{DB0F53A2-4DD6-4833-8F2C-E0D9224887A4}.Release|Any CPU.Build.0 = Release|Any CPU
		{55BFDA6F-6B07-48EC-901B-464A7B32E3E6}.Debug|Any CPU.ActiveCfg = Debug|Any CPU
		{55BFDA6F-6B07-48EC-901B-464A7B32E3E6}.Debug|Any CPU.Build.0 = Debug|Any CPU
		{55BFDA6F-6B07-48EC-901B-464A7B32E3E6}.Release|Any CPU.ActiveCfg = Release|Any CPU
		{55BFDA6F-6B07-48EC-901B-464A7B32E3E6}.Release|Any CPU.Build.0 = Release|Any CPU
		{D1EC6D86-D463-40A7-AA7F-0496527E73A7}.Debug|Any CPU.ActiveCfg = Debug|Any CPU
		{D1EC6D86-D463-40A7-AA7F-0496527E73A7}.Debug|Any CPU.Build.0 = Debug|Any CPU
		{D1EC6D86-D463-40A7-AA7F-0496527E73A7}.Release|Any CPU.ActiveCfg = Release|Any CPU
		{D1EC6D86-D463-40A7-AA7F-0496527E73A7}.Release|Any CPU.Build.0 = Release|Any CPU
		{88519C5A-4A66-4124-83EB-236C7A871969}.Debug|Any CPU.ActiveCfg = Debug|Any CPU
		{88519C5A-4A66-4124-83EB-236C7A871969}.Debug|Any CPU.Build.0 = Debug|Any CPU
		{88519C5A-4A66-4124-83EB-236C7A871969}.Release|Any CPU.ActiveCfg = Release|Any CPU
		{88519C5A-4A66-4124-83EB-236C7A871969}.Release|Any CPU.Build.0 = Release|Any CPU
		{F7D67C8B-CB61-4A20-90BA-ECF1006632C1}.Debug|Any CPU.ActiveCfg = Debug|Any CPU
		{F7D67C8B-CB61-4A20-90BA-ECF1006632C1}.Debug|Any CPU.Build.0 = Debug|Any CPU
		{F7D67C8B-CB61-4A20-90BA-ECF1006632C1}.Release|Any CPU.ActiveCfg = Release|Any CPU
		{F7D67C8B-CB61-4A20-90BA-ECF1006632C1}.Release|Any CPU.Build.0 = Release|Any CPU
		{BA19E375-6FBE-4A3B-8F9D-234FD9208C73}.Debug|Any CPU.ActiveCfg = Debug|Any CPU
		{BA19E375-6FBE-4A3B-8F9D-234FD9208C73}.Debug|Any CPU.Build.0 = Debug|Any CPU
		{BA19E375-6FBE-4A3B-8F9D-234FD9208C73}.Release|Any CPU.ActiveCfg = Release|Any CPU
		{BA19E375-6FBE-4A3B-8F9D-234FD9208C73}.Release|Any CPU.Build.0 = Release|Any CPU
		{95A534BD-9A78-4006-AC57-4502AE771634}.Debug|Any CPU.ActiveCfg = Debug|Any CPU
		{95A534BD-9A78-4006-AC57-4502AE771634}.Debug|Any CPU.Build.0 = Debug|Any CPU
		{95A534BD-9A78-4006-AC57-4502AE771634}.Release|Any CPU.ActiveCfg = Release|Any CPU
		{95A534BD-9A78-4006-AC57-4502AE771634}.Release|Any CPU.Build.0 = Release|Any CPU
		{52144779-C8B6-47B1-AB89-3F1C9BD8CE0F}.Debug|Any CPU.ActiveCfg = Debug|Any CPU
		{52144779-C8B6-47B1-AB89-3F1C9BD8CE0F}.Debug|Any CPU.Build.0 = Debug|Any CPU
		{52144779-C8B6-47B1-AB89-3F1C9BD8CE0F}.Release|Any CPU.ActiveCfg = Release|Any CPU
		{52144779-C8B6-47B1-AB89-3F1C9BD8CE0F}.Release|Any CPU.Build.0 = Release|Any CPU
	EndGlobalSection
	GlobalSection(SolutionProperties) = preSolution
		HideSolutionNode = FALSE
	EndGlobalSection
EndGlobal
