
Microsoft Visual Studio Solution File, Format Version 12.00
# Visual Studio Version 16
VisualStudioVersion = 16.0.30621.155
MinimumVisualStudioVersion = 10.0.40219.1
Project("{FAE04EC0-301F-11D3-BF4B-00C04F79EFBC}") = "Evo20.GUI", "Evo20.GUI\Evo20.GUI.csproj", "{0FCF9503-EBD4-4E91-9114-8F5AD4320A34}"
EndProject
Project("{FAE04EC0-301F-11D3-BF4B-00C04F79EFBC}") = "Evo20.Controllers", "Evo20.Controllers\Evo20.Controllers.csproj", "{3AC3249C-145D-4EEA-8B3F-E82CE09A85DB}"
EndProject
Project("{FAE04EC0-301F-11D3-BF4B-00C04F79EFBC}") = "Evo20.Commands", "Evo20.EvoCommandsLib\Evo20.Commands.csproj", "{8C91504C-7D1B-4385-A276-6848E1A3396E}"
EndProject
Project("{FAE04EC0-301F-11D3-BF4B-00C04F79EFBC}") = "Evo20.EvoConnections", "Evo20.EvoConnections\Evo20.EvoConnections.csproj", "{32CCC6CA-A913-4920-A83F-F7442D2107B9}"
EndProject
Project("{FAE04EC0-301F-11D3-BF4B-00C04F79EFBC}") = "Evo20.Math", "Evo20.Math\Evo20.Math.csproj", "{290D2C14-4B1F-4110-970A-8572E5C905B8}"
EndProject
Project("{FAE04EC0-301F-11D3-BF4B-00C04F79EFBC}") = "Evo20.Packets", "Evo20.PacketsLib\Evo20.Packets.csproj", "{38D34933-EA5E-4C43-AEE0-752676BC5FD0}"
EndProject
Project("{FAE04EC0-301F-11D3-BF4B-00C04F79EFBC}") = "Evo20.SensorsConnection", "Evo20.SensorsConnection\Evo20.SensorsConnection.csproj", "{86F18502-E4FB-4FDB-9AEE-E1EA1F1FF4BC}"
EndProject
Project("{FAE04EC0-301F-11D3-BF4B-00C04F79EFBC}") = "Evo20.Utils", "Evo20.Config\Evo20.Utils.csproj", "{99D800D1-0D39-49B9-9311-003759CA741B}"
EndProject
Project("{FAE04EC0-301F-11D3-BF4B-00C04F79EFBC}") = "Evo20.Sensors", "Evo20.Sensors\Evo20.Sensors.csproj", "{4E9C9D86-5565-4A04-8490-85EBED2E8886}"
EndProject
Project("{2150E333-8FDC-42A3-9474-1A3956D46DE8}") = "Tests", "Tests", "{769D2C58-36C2-4305-9B25-358FFD45F5B7}"
EndProject
Project("{2150E333-8FDC-42A3-9474-1A3956D46DE8}") = "UnitTests", "UnitTests", "{CEBDB753-A445-48F5-B326-81FFC18A80CE}"
EndProject
Project("{FAE04EC0-301F-11D3-BF4B-00C04F79EFBC}") = "Evo20.Utils.Tests", "Evo20.Utils.Tests\Evo20.Utils.Tests.csproj", "{98FECF22-765F-4B26-A9C8-01C94027F236}"
EndProject
Project("{FAE04EC0-301F-11D3-BF4B-00C04F79EFBC}") = "Evo20.Connections.Tests", "Evo20.Connections.Tests\Evo20.Connections.Tests.csproj", "{E0BCF641-6BBC-4835-B1B2-2DFD88430973}"
EndProject
Project("{FAE04EC0-301F-11D3-BF4B-00C04F79EFBC}") = "Evo20.Math.Tests", "Evo20.Math.Tests\Evo20.Math.Tests.csproj", "{C00BADF7-242B-4889-987D-1CDA3E738707}"
EndProject
Project("{FAE04EC0-301F-11D3-BF4B-00C04F79EFBC}") = "Evo20.Controllers.Tests", "Evo20.Controllers.Tests\Evo20.Controllers.Tests.csproj", "{3ADB2BBA-D985-44A7-9555-4711645BF31A}"
EndProject
Project("{FAE04EC0-301F-11D3-BF4B-00C04F79EFBC}") = "Evo20.Packets.Tests", "Evo20.Packets.Tests\Evo20.Packets.Tests.csproj", "{91D7BB4C-C97F-46E1-9B63-7372FF27582E}"
EndProject
Project("{FAE04EC0-301F-11D3-BF4B-00C04F79EFBC}") = "Evo20.Sensors.Test", "Evo20.Sensors.Test\Evo20.Sensors.Test.csproj", "{BCFA9F39-F0C7-463C-8ADD-0DADC2A6DEFB}"
EndProject
Global
	GlobalSection(SolutionConfigurationPlatforms) = preSolution
		Debug|Any CPU = Debug|Any CPU
		Release|Any CPU = Release|Any CPU
	EndGlobalSection
	GlobalSection(ProjectConfigurationPlatforms) = postSolution
		{0FCF9503-EBD4-4E91-9114-8F5AD4320A34}.Debug|Any CPU.ActiveCfg = Debug|Any CPU
		{0FCF9503-EBD4-4E91-9114-8F5AD4320A34}.Debug|Any CPU.Build.0 = Debug|Any CPU
		{0FCF9503-EBD4-4E91-9114-8F5AD4320A34}.Release|Any CPU.ActiveCfg = Release|Any CPU
		{0FCF9503-EBD4-4E91-9114-8F5AD4320A34}.Release|Any CPU.Build.0 = Release|Any CPU
		{3AC3249C-145D-4EEA-8B3F-E82CE09A85DB}.Debug|Any CPU.ActiveCfg = Debug|Any CPU
		{3AC3249C-145D-4EEA-8B3F-E82CE09A85DB}.Debug|Any CPU.Build.0 = Debug|Any CPU
		{3AC3249C-145D-4EEA-8B3F-E82CE09A85DB}.Release|Any CPU.ActiveCfg = Release|Any CPU
		{3AC3249C-145D-4EEA-8B3F-E82CE09A85DB}.Release|Any CPU.Build.0 = Release|Any CPU
		{8C91504C-7D1B-4385-A276-6848E1A3396E}.Debug|Any CPU.ActiveCfg = Debug|Any CPU
		{8C91504C-7D1B-4385-A276-6848E1A3396E}.Debug|Any CPU.Build.0 = Debug|Any CPU
		{8C91504C-7D1B-4385-A276-6848E1A3396E}.Release|Any CPU.ActiveCfg = Release|Any CPU
		{8C91504C-7D1B-4385-A276-6848E1A3396E}.Release|Any CPU.Build.0 = Release|Any CPU
		{32CCC6CA-A913-4920-A83F-F7442D2107B9}.Debug|Any CPU.ActiveCfg = Debug|Any CPU
		{32CCC6CA-A913-4920-A83F-F7442D2107B9}.Debug|Any CPU.Build.0 = Debug|Any CPU
		{32CCC6CA-A913-4920-A83F-F7442D2107B9}.Release|Any CPU.ActiveCfg = Release|Any CPU
		{32CCC6CA-A913-4920-A83F-F7442D2107B9}.Release|Any CPU.Build.0 = Release|Any CPU
		{290D2C14-4B1F-4110-970A-8572E5C905B8}.Debug|Any CPU.ActiveCfg = Debug|Any CPU
		{290D2C14-4B1F-4110-970A-8572E5C905B8}.Debug|Any CPU.Build.0 = Debug|Any CPU
		{290D2C14-4B1F-4110-970A-8572E5C905B8}.Release|Any CPU.ActiveCfg = Release|Any CPU
		{290D2C14-4B1F-4110-970A-8572E5C905B8}.Release|Any CPU.Build.0 = Release|Any CPU
		{38D34933-EA5E-4C43-AEE0-752676BC5FD0}.Debug|Any CPU.ActiveCfg = Debug|Any CPU
		{38D34933-EA5E-4C43-AEE0-752676BC5FD0}.Debug|Any CPU.Build.0 = Debug|Any CPU
		{38D34933-EA5E-4C43-AEE0-752676BC5FD0}.Release|Any CPU.ActiveCfg = Release|Any CPU
		{38D34933-EA5E-4C43-AEE0-752676BC5FD0}.Release|Any CPU.Build.0 = Release|Any CPU
		{86F18502-E4FB-4FDB-9AEE-E1EA1F1FF4BC}.Debug|Any CPU.ActiveCfg = Debug|Any CPU
		{86F18502-E4FB-4FDB-9AEE-E1EA1F1FF4BC}.Debug|Any CPU.Build.0 = Debug|Any CPU
		{86F18502-E4FB-4FDB-9AEE-E1EA1F1FF4BC}.Release|Any CPU.ActiveCfg = Release|Any CPU
		{86F18502-E4FB-4FDB-9AEE-E1EA1F1FF4BC}.Release|Any CPU.Build.0 = Release|Any CPU
		{99D800D1-0D39-49B9-9311-003759CA741B}.Debug|Any CPU.ActiveCfg = Debug|Any CPU
		{99D800D1-0D39-49B9-9311-003759CA741B}.Debug|Any CPU.Build.0 = Debug|Any CPU
		{99D800D1-0D39-49B9-9311-003759CA741B}.Release|Any CPU.ActiveCfg = Release|Any CPU
		{99D800D1-0D39-49B9-9311-003759CA741B}.Release|Any CPU.Build.0 = Release|Any CPU
		{4E9C9D86-5565-4A04-8490-85EBED2E8886}.Debug|Any CPU.ActiveCfg = Debug|Any CPU
		{4E9C9D86-5565-4A04-8490-85EBED2E8886}.Debug|Any CPU.Build.0 = Debug|Any CPU
		{4E9C9D86-5565-4A04-8490-85EBED2E8886}.Release|Any CPU.ActiveCfg = Release|Any CPU
		{4E9C9D86-5565-4A04-8490-85EBED2E8886}.Release|Any CPU.Build.0 = Release|Any CPU
		{98FECF22-765F-4B26-A9C8-01C94027F236}.Debug|Any CPU.ActiveCfg = Debug|Any CPU
		{98FECF22-765F-4B26-A9C8-01C94027F236}.Debug|Any CPU.Build.0 = Debug|Any CPU
		{98FECF22-765F-4B26-A9C8-01C94027F236}.Release|Any CPU.ActiveCfg = Release|Any CPU
		{98FECF22-765F-4B26-A9C8-01C94027F236}.Release|Any CPU.Build.0 = Release|Any CPU
		{E0BCF641-6BBC-4835-B1B2-2DFD88430973}.Debug|Any CPU.ActiveCfg = Debug|Any CPU
		{E0BCF641-6BBC-4835-B1B2-2DFD88430973}.Debug|Any CPU.Build.0 = Debug|Any CPU
		{E0BCF641-6BBC-4835-B1B2-2DFD88430973}.Release|Any CPU.ActiveCfg = Release|Any CPU
		{E0BCF641-6BBC-4835-B1B2-2DFD88430973}.Release|Any CPU.Build.0 = Release|Any CPU
		{C00BADF7-242B-4889-987D-1CDA3E738707}.Debug|Any CPU.ActiveCfg = Debug|Any CPU
		{C00BADF7-242B-4889-987D-1CDA3E738707}.Debug|Any CPU.Build.0 = Debug|Any CPU
		{C00BADF7-242B-4889-987D-1CDA3E738707}.Release|Any CPU.ActiveCfg = Release|Any CPU
		{C00BADF7-242B-4889-987D-1CDA3E738707}.Release|Any CPU.Build.0 = Release|Any CPU
		{3ADB2BBA-D985-44A7-9555-4711645BF31A}.Debug|Any CPU.ActiveCfg = Debug|Any CPU
		{3ADB2BBA-D985-44A7-9555-4711645BF31A}.Debug|Any CPU.Build.0 = Debug|Any CPU
		{3ADB2BBA-D985-44A7-9555-4711645BF31A}.Release|Any CPU.ActiveCfg = Release|Any CPU
		{3ADB2BBA-D985-44A7-9555-4711645BF31A}.Release|Any CPU.Build.0 = Release|Any CPU
		{91D7BB4C-C97F-46E1-9B63-7372FF27582E}.Debug|Any CPU.ActiveCfg = Debug|Any CPU
		{91D7BB4C-C97F-46E1-9B63-7372FF27582E}.Debug|Any CPU.Build.0 = Debug|Any CPU
		{91D7BB4C-C97F-46E1-9B63-7372FF27582E}.Release|Any CPU.ActiveCfg = Release|Any CPU
		{91D7BB4C-C97F-46E1-9B63-7372FF27582E}.Release|Any CPU.Build.0 = Release|Any CPU
		{BCFA9F39-F0C7-463C-8ADD-0DADC2A6DEFB}.Debug|Any CPU.ActiveCfg = Debug|Any CPU
		{BCFA9F39-F0C7-463C-8ADD-0DADC2A6DEFB}.Debug|Any CPU.Build.0 = Debug|Any CPU
		{BCFA9F39-F0C7-463C-8ADD-0DADC2A6DEFB}.Release|Any CPU.ActiveCfg = Release|Any CPU
		{BCFA9F39-F0C7-463C-8ADD-0DADC2A6DEFB}.Release|Any CPU.Build.0 = Release|Any CPU
	EndGlobalSection
	GlobalSection(SolutionProperties) = preSolution
		HideSolutionNode = FALSE
	EndGlobalSection
	GlobalSection(NestedProjects) = preSolution
		{CEBDB753-A445-48F5-B326-81FFC18A80CE} = {769D2C58-36C2-4305-9B25-358FFD45F5B7}
		{98FECF22-765F-4B26-A9C8-01C94027F236} = {CEBDB753-A445-48F5-B326-81FFC18A80CE}
		{E0BCF641-6BBC-4835-B1B2-2DFD88430973} = {CEBDB753-A445-48F5-B326-81FFC18A80CE}
		{C00BADF7-242B-4889-987D-1CDA3E738707} = {CEBDB753-A445-48F5-B326-81FFC18A80CE}
		{3ADB2BBA-D985-44A7-9555-4711645BF31A} = {CEBDB753-A445-48F5-B326-81FFC18A80CE}
		{91D7BB4C-C97F-46E1-9B63-7372FF27582E} = {CEBDB753-A445-48F5-B326-81FFC18A80CE}
		{BCFA9F39-F0C7-463C-8ADD-0DADC2A6DEFB} = {CEBDB753-A445-48F5-B326-81FFC18A80CE}
	EndGlobalSection
	GlobalSection(ExtensibilityGlobals) = postSolution
		SolutionGuid = {596BADEC-C77C-4B36-A481-FDA4D68A0EE8}
	EndGlobalSection
EndGlobal
