
Microsoft Visual Studio Solution File, Format Version 10.00
# Visual C# Express 2008
Project("{FAE04EC0-301F-11D3-BF4B-00C04F79EFBC}") = "Evo-20form", "Evo-20form\Evo-20form.csproj", "{55BFDA6F-6B07-48EC-901B-464A7B32E3E6}"
	ProjectSection(ProjectDependencies) = postProject
		{95A534BD-9A78-4006-AC57-4502AE771634} = {95A534BD-9A78-4006-AC57-4502AE771634}
		{80F403E1-9B8C-4F96-9A89-724EA9633197} = {80F403E1-9B8C-4F96-9A89-724EA9633197}
	EndProjectSection
EndProject
Project("{FAE04EC0-301F-11D3-BF4B-00C04F79EFBC}") = "Evo_20_commands", "Evo-20form\Evo_20_commands\Evo_20_commands\Evo_20_commands.csproj", "{A1BB1D5C-2494-4546-A5E1-4EFE93BCF8E8}"
EndProject
Project("{FAE04EC0-301F-11D3-BF4B-00C04F79EFBC}") = "ComputeCoefficientsLib", "ComputeCoefficients\ComputeCoefficientsLib.csproj", "{80F403E1-9B8C-4F96-9A89-724EA9633197}"
	ProjectSection(ProjectDependencies) = postProject
		{95A534BD-9A78-4006-AC57-4502AE771634} = {95A534BD-9A78-4006-AC57-4502AE771634}
	EndProjectSection
EndProject
Project("{FAE04EC0-301F-11D3-BF4B-00C04F79EFBC}") = "PacketsLib", "PacketsLib\PacketsLib.csproj", "{95A534BD-9A78-4006-AC57-4502AE771634}"
EndProject
Global
	GlobalSection(SolutionConfigurationPlatforms) = preSolution
		Debug|Any CPU = Debug|Any CPU
		Release|Any CPU = Release|Any CPU
	EndGlobalSection
	GlobalSection(ProjectConfigurationPlatforms) = postSolution
		{55BFDA6F-6B07-48EC-901B-464A7B32E3E6}.Debug|Any CPU.ActiveCfg = Debug|Any CPU
		{55BFDA6F-6B07-48EC-901B-464A7B32E3E6}.Debug|Any CPU.Build.0 = Debug|Any CPU
		{55BFDA6F-6B07-48EC-901B-464A7B32E3E6}.Release|Any CPU.ActiveCfg = Release|Any CPU
		{55BFDA6F-6B07-48EC-901B-464A7B32E3E6}.Release|Any CPU.Build.0 = Release|Any CPU
		{A1BB1D5C-2494-4546-A5E1-4EFE93BCF8E8}.Debug|Any CPU.ActiveCfg = Debug|Any CPU
		{A1BB1D5C-2494-4546-A5E1-4EFE93BCF8E8}.Debug|Any CPU.Build.0 = Debug|Any CPU
		{A1BB1D5C-2494-4546-A5E1-4EFE93BCF8E8}.Release|Any CPU.ActiveCfg = Release|Any CPU
		{A1BB1D5C-2494-4546-A5E1-4EFE93BCF8E8}.Release|Any CPU.Build.0 = Release|Any CPU
		{80F403E1-9B8C-4F96-9A89-724EA9633197}.Debug|Any CPU.ActiveCfg = Debug|Any CPU
		{80F403E1-9B8C-4F96-9A89-724EA9633197}.Debug|Any CPU.Build.0 = Debug|Any CPU
		{80F403E1-9B8C-4F96-9A89-724EA9633197}.Release|Any CPU.ActiveCfg = Release|Any CPU
		{80F403E1-9B8C-4F96-9A89-724EA9633197}.Release|Any CPU.Build.0 = Release|Any CPU
		{95A534BD-9A78-4006-AC57-4502AE771634}.Debug|Any CPU.ActiveCfg = Debug|Any CPU
		{95A534BD-9A78-4006-AC57-4502AE771634}.Debug|Any CPU.Build.0 = Debug|Any CPU
		{95A534BD-9A78-4006-AC57-4502AE771634}.Release|Any CPU.ActiveCfg = Release|Any CPU
		{95A534BD-9A78-4006-AC57-4502AE771634}.Release|Any CPU.Build.0 = Release|Any CPU
	EndGlobalSection
	GlobalSection(SolutionProperties) = preSolution
		HideSolutionNode = FALSE
	EndGlobalSection
EndGlobal
